PODS:
  - CTHelp (0.4.0)
  - PDColorPicker (0.8.2)

DEPENDENCIES:
  - CTHelp
  - PDColorPicker

SPEC REPOS:
  https://github.com/cocoapods/specs.git:
    - CTHelp
    - PDColorPicker

SPEC CHECKSUMS:
  CTHelp: 9b6cac769bc805ae559b235f0150c0b1eec27cdf
  PDColorPicker: 63f25f6477e7a0dcd233d4592f08190349d6e53e

PODFILE CHECKSUM: 9e677fa0f4324144819f4fd58920e1bc9bd18e8a

COCOAPODS: 1.7.1
